
Microsoft Visual Studio Solution File, Format Version 12.00
# Visual Studio 14
VisualStudioVersion = 14.0.25420.1
MinimumVisualStudioVersion = 10.0.40219.1
Project("{FAE04EC0-301F-11D3-BF4B-00C04F79EFBC}") = "CollegeRegApp", "CollegeRegApp\CollegeRegApp.csproj", "{BC4EC3B7-B12C-45CC-B517-C5B09E00D950}"
EndProject
Project("{FAE04EC0-301F-11D3-BF4B-00C04F79EFBC}") = "RegApp", "RegApp\RegApp.csproj", "{C149C952-76D8-4972-A123-61E5FD66B25A}"
EndProject
Global
	GlobalSection(SolutionConfigurationPlatforms) = preSolution
		Debug|Any CPU = Debug|Any CPU
		Release|Any CPU = Release|Any CPU
	EndGlobalSection
	GlobalSection(ProjectConfigurationPlatforms) = postSolution
		{BC4EC3B7-B12C-45CC-B517-C5B09E00D950}.Debug|Any CPU.ActiveCfg = Debug|Any CPU
		{BC4EC3B7-B12C-45CC-B517-C5B09E00D950}.Debug|Any CPU.Build.0 = Debug|Any CPU
		{BC4EC3B7-B12C-45CC-B517-C5B09E00D950}.Release|Any CPU.ActiveCfg = Release|Any CPU
		{BC4EC3B7-B12C-45CC-B517-C5B09E00D950}.Release|Any CPU.Build.0 = Release|Any CPU
		{C149C952-76D8-4972-A123-61E5FD66B25A}.Debug|Any CPU.ActiveCfg = Debug|Any CPU
		{C149C952-76D8-4972-A123-61E5FD66B25A}.Debug|Any CPU.Build.0 = Debug|Any CPU
		{C149C952-76D8-4972-A123-61E5FD66B25A}.Release|Any CPU.ActiveCfg = Release|Any CPU
		{C149C952-76D8-4972-A123-61E5FD66B25A}.Release|Any CPU.Build.0 = Release|Any CPU
	EndGlobalSection
	GlobalSection(SolutionProperties) = preSolution
		HideSolutionNode = FALSE
	EndGlobalSection
EndGlobal
